
Microsoft Visual Studio Solution File, Format Version 12.00
# Visual Studio Version 16
VisualStudioVersion = 16.0.31702.278
MinimumVisualStudioVersion = 10.0.40219.1
Project("{FAE04EC0-301F-11D3-BF4B-00C04F79EFBC}") = "lab 17", "lab 17\lab 17.csproj", "{191292FE-312D-4A2A-8F8C-2C12C780726B}"
EndProject
Global
	GlobalSection(SolutionConfigurationPlatforms) = preSolution
		Debug|Any CPU = Debug|Any CPU
		Release|Any CPU = Release|Any CPU
	EndGlobalSection
	GlobalSection(ProjectConfigurationPlatforms) = postSolution
		{191292FE-312D-4A2A-8F8C-2C12C780726B}.Debug|Any CPU.ActiveCfg = Debug|Any CPU
		{191292FE-312D-4A2A-8F8C-2C12C780726B}.Debug|Any CPU.Build.0 = Debug|Any CPU
		{191292FE-312D-4A2A-8F8C-2C12C780726B}.Release|Any CPU.ActiveCfg = Release|Any CPU
		{191292FE-312D-4A2A-8F8C-2C12C780726B}.Release|Any CPU.Build.0 = Release|Any CPU
	EndGlobalSection
	GlobalSection(SolutionProperties) = preSolution
		HideSolutionNode = FALSE
	EndGlobalSection
	GlobalSection(ExtensibilityGlobals) = postSolution
		SolutionGuid = {BCCED2AF-19D2-4681-9BD9-28962C9C156D}
	EndGlobalSection
EndGlobal
